
Microsoft Visual Studio Solution File, Format Version 12.00
# Visual Studio Version 16
VisualStudioVersion = 16.0.31605.320
MinimumVisualStudioVersion = 10.0.40219.1
Project("{FAE04EC0-301F-11D3-BF4B-00C04F79EFBC}") = "Movie_Project", "Movie_Project\Movie_Project.csproj", "{0FCBB667-B938-4149-9921-7A4A9D79CC99}"
EndProject
Global
	GlobalSection(SolutionConfigurationPlatforms) = preSolution
		Debug|Any CPU = Debug|Any CPU
		Release|Any CPU = Release|Any CPU
	EndGlobalSection
	GlobalSection(ProjectConfigurationPlatforms) = postSolution
		{0FCBB667-B938-4149-9921-7A4A9D79CC99}.Debug|Any CPU.ActiveCfg = Debug|Any CPU
		{0FCBB667-B938-4149-9921-7A4A9D79CC99}.Debug|Any CPU.Build.0 = Debug|Any CPU
		{0FCBB667-B938-4149-9921-7A4A9D79CC99}.Release|Any CPU.ActiveCfg = Release|Any CPU
		{0FCBB667-B938-4149-9921-7A4A9D79CC99}.Release|Any CPU.Build.0 = Release|Any CPU
	EndGlobalSection
	GlobalSection(SolutionProperties) = preSolution
		HideSolutionNode = FALSE
	EndGlobalSection
	GlobalSection(ExtensibilityGlobals) = postSolution
		SolutionGuid = {D0646B21-CD6D-4364-A654-781A75C610D8}
	EndGlobalSection
EndGlobal
